
Microsoft Visual Studio Solution File, Format Version 12.00
Project("{2150E333-8FDC-42A3-9474-1A3956D46DE8}") = "Solution Items", "Solution Items", "{2D8EE87D-118D-44B9-A5DC-4118E44577AB}"
EndProject
Project("{2150E333-8FDC-42A3-9474-1A3956D46DE8}") = "Integration", "Integration", "{3DB2C56F-77F9-4681-8CD4-5B80626D030D}"
EndProject
Project("{FAE04EC0-301F-11D3-BF4B-00C04F79EFBC}") = "Integration.RINF", "Integration\Integration.RINF\Integration.RINF.csproj", "{97B5A0F7-8E88-4B40-94E8-FE4164DA4B41}"
EndProject
Project("{FAE04EC0-301F-11D3-BF4B-00C04F79EFBC}") = "Integration.RINF.Tests", "Integration\Integration.RINF.Tests\Integration.RINF.Tests.csproj", "{AACD38F7-88F3-400F-A9CC-A4FFBC2E8364}"
EndProject
Project("{2150E333-8FDC-42A3-9474-1A3956D46DE8}") = "Common", "Common", "{969F9D90-0CE6-4B0F-8AED-75A3DFC2BBC8}"
EndProject
Project("{FAE04EC0-301F-11D3-BF4B-00C04F79EFBC}") = "AStarCrawler", "Common\AStarCrawler\AStarCrawler.csproj", "{3F47BE7B-2621-4BFA-B2C4-1FD21FCF054B}"
EndProject
Project("{FAE04EC0-301F-11D3-BF4B-00C04F79EFBC}") = "AStarCrawler.Tests", "Common\AStarCrawler.Tests\AStarCrawler.Tests.csproj", "{C1FDC922-EF47-43ED-9078-695E900BFF64}"
EndProject
Project("{FAE04EC0-301F-11D3-BF4B-00C04F79EFBC}") = "Contracts", "Common\Contracts\Contracts.csproj", "{44F6212C-5681-4C38-87CC-142EECD339B2}"
EndProject
Project("{2150E333-8FDC-42A3-9474-1A3956D46DE8}") = "Client", "Client", "{26C9F76B-384A-4E4C-865A-E80E1FD2683D}"
EndProject
Project("{2150E333-8FDC-42A3-9474-1A3956D46DE8}") = "Core", "Core", "{71239135-BD6D-40F6-BF40-18286FF07010}"
EndProject
Project("{2150E333-8FDC-42A3-9474-1A3956D46DE8}") = "Environment", "Environment", "{EF895F57-AB8D-4B93-9E1D-5ED506F0529D}"
EndProject
Global
	GlobalSection(SolutionConfigurationPlatforms) = preSolution
		Debug|Any CPU = Debug|Any CPU
		Release|Any CPU = Release|Any CPU
	EndGlobalSection
	GlobalSection(ProjectConfigurationPlatforms) = postSolution
		{97B5A0F7-8E88-4B40-94E8-FE4164DA4B41}.Debug|Any CPU.ActiveCfg = Debug|Any CPU
		{97B5A0F7-8E88-4B40-94E8-FE4164DA4B41}.Debug|Any CPU.Build.0 = Debug|Any CPU
		{97B5A0F7-8E88-4B40-94E8-FE4164DA4B41}.Release|Any CPU.ActiveCfg = Release|Any CPU
		{97B5A0F7-8E88-4B40-94E8-FE4164DA4B41}.Release|Any CPU.Build.0 = Release|Any CPU
		{AACD38F7-88F3-400F-A9CC-A4FFBC2E8364}.Debug|Any CPU.ActiveCfg = Debug|Any CPU
		{AACD38F7-88F3-400F-A9CC-A4FFBC2E8364}.Debug|Any CPU.Build.0 = Debug|Any CPU
		{AACD38F7-88F3-400F-A9CC-A4FFBC2E8364}.Release|Any CPU.ActiveCfg = Release|Any CPU
		{AACD38F7-88F3-400F-A9CC-A4FFBC2E8364}.Release|Any CPU.Build.0 = Release|Any CPU
		{3F47BE7B-2621-4BFA-B2C4-1FD21FCF054B}.Debug|Any CPU.ActiveCfg = Debug|Any CPU
		{3F47BE7B-2621-4BFA-B2C4-1FD21FCF054B}.Debug|Any CPU.Build.0 = Debug|Any CPU
		{3F47BE7B-2621-4BFA-B2C4-1FD21FCF054B}.Release|Any CPU.ActiveCfg = Release|Any CPU
		{3F47BE7B-2621-4BFA-B2C4-1FD21FCF054B}.Release|Any CPU.Build.0 = Release|Any CPU
		{C1FDC922-EF47-43ED-9078-695E900BFF64}.Debug|Any CPU.ActiveCfg = Debug|Any CPU
		{C1FDC922-EF47-43ED-9078-695E900BFF64}.Debug|Any CPU.Build.0 = Debug|Any CPU
		{C1FDC922-EF47-43ED-9078-695E900BFF64}.Release|Any CPU.ActiveCfg = Release|Any CPU
		{C1FDC922-EF47-43ED-9078-695E900BFF64}.Release|Any CPU.Build.0 = Release|Any CPU
		{44F6212C-5681-4C38-87CC-142EECD339B2}.Debug|Any CPU.ActiveCfg = Debug|Any CPU
		{44F6212C-5681-4C38-87CC-142EECD339B2}.Debug|Any CPU.Build.0 = Debug|Any CPU
		{44F6212C-5681-4C38-87CC-142EECD339B2}.Release|Any CPU.ActiveCfg = Release|Any CPU
		{44F6212C-5681-4C38-87CC-142EECD339B2}.Release|Any CPU.Build.0 = Release|Any CPU
	EndGlobalSection
	GlobalSection(NestedProjects) = preSolution
		{97B5A0F7-8E88-4B40-94E8-FE4164DA4B41} = {3DB2C56F-77F9-4681-8CD4-5B80626D030D}
		{AACD38F7-88F3-400F-A9CC-A4FFBC2E8364} = {3DB2C56F-77F9-4681-8CD4-5B80626D030D}
		{3F47BE7B-2621-4BFA-B2C4-1FD21FCF054B} = {969F9D90-0CE6-4B0F-8AED-75A3DFC2BBC8}
		{C1FDC922-EF47-43ED-9078-695E900BFF64} = {969F9D90-0CE6-4B0F-8AED-75A3DFC2BBC8}
		{44F6212C-5681-4C38-87CC-142EECD339B2} = {969F9D90-0CE6-4B0F-8AED-75A3DFC2BBC8}
	EndGlobalSection
EndGlobal
