
Microsoft Visual Studio Solution File, Format Version 12.00
Project("{FAE04EC0-301F-11D3-BF4B-00C04F79EFBC}") = "AStarCrawler", "AStarCrawler\AStarCrawler.csproj", "{C971AEC1-9F3C-4CAA-9846-048772EC72AE}"
EndProject
Project("{FAE04EC0-301F-11D3-BF4B-00C04F79EFBC}") = "AStarCrawler.Tests", "AStarCrawler.Tests\AStarCrawler.Tests.csproj", "{78923E9E-39A0-44EB-B991-3BDEB5BF444B}"
EndProject
Project("{2150E333-8FDC-42A3-9474-1A3956D46DE8}") = "Client", "Client", "{8B3E638E-155C-4701-ACB6-49ABDC3BFE4E}"
EndProject
Project("{2150E333-8FDC-42A3-9474-1A3956D46DE8}") = "Core", "Core", "{525954D2-BEDB-433F-AA45-D7AD2FB0B6AB}"
EndProject
Project("{2150E333-8FDC-42A3-9474-1A3956D46DE8}") = "Integration", "Integration", "{01D65074-66F0-40C4-84D4-A82CA664D05E}"
EndProject
Project("{2150E333-8FDC-42A3-9474-1A3956D46DE8}") = "Libraries", "Libraries", "{0E52F931-E5F6-4692-9D92-EBD8BD90C4BA}"
EndProject
Project("{FAE04EC0-301F-11D3-BF4B-00C04F79EFBC}") = "Integration.RINF", "Integration\Integration.RINF\Integration.RINF.csproj", "{929D2BE3-888D-419A-8C0B-0E25AA2E95EA}"
EndProject
Project("{FAE04EC0-301F-11D3-BF4B-00C04F79EFBC}") = "Contracts", "Contracts\Contracts.csproj", "{37FFD6AE-3DC7-469A-A12C-6C9C5D7B5547}"
EndProject
Project("{FAE04EC0-301F-11D3-BF4B-00C04F79EFBC}") = "Integration.RINF.Tests", "Integration\Integration.RINF.Tests\Integration.RINF.Tests.csproj", "{DD340976-025A-4DA7-BD48-FB8F67F7D413}"
EndProject
Project("{2150E333-8FDC-42A3-9474-1A3956D46DE8}") = "Solution Items", "Solution Items", "{2D8EE87D-118D-44B9-A5DC-4118E44577AB}"
EndProject
Global
	GlobalSection(SolutionConfigurationPlatforms) = preSolution
		Debug|Any CPU = Debug|Any CPU
		Release|Any CPU = Release|Any CPU
	EndGlobalSection
	GlobalSection(ProjectConfigurationPlatforms) = postSolution
		{C971AEC1-9F3C-4CAA-9846-048772EC72AE}.Debug|Any CPU.ActiveCfg = Debug|Any CPU
		{C971AEC1-9F3C-4CAA-9846-048772EC72AE}.Debug|Any CPU.Build.0 = Debug|Any CPU
		{C971AEC1-9F3C-4CAA-9846-048772EC72AE}.Release|Any CPU.ActiveCfg = Release|Any CPU
		{C971AEC1-9F3C-4CAA-9846-048772EC72AE}.Release|Any CPU.Build.0 = Release|Any CPU
		{78923E9E-39A0-44EB-B991-3BDEB5BF444B}.Debug|Any CPU.ActiveCfg = Debug|Any CPU
		{78923E9E-39A0-44EB-B991-3BDEB5BF444B}.Debug|Any CPU.Build.0 = Debug|Any CPU
		{78923E9E-39A0-44EB-B991-3BDEB5BF444B}.Release|Any CPU.ActiveCfg = Release|Any CPU
		{78923E9E-39A0-44EB-B991-3BDEB5BF444B}.Release|Any CPU.Build.0 = Release|Any CPU
		{929D2BE3-888D-419A-8C0B-0E25AA2E95EA}.Debug|Any CPU.ActiveCfg = Debug|Any CPU
		{929D2BE3-888D-419A-8C0B-0E25AA2E95EA}.Debug|Any CPU.Build.0 = Debug|Any CPU
		{929D2BE3-888D-419A-8C0B-0E25AA2E95EA}.Release|Any CPU.ActiveCfg = Release|Any CPU
		{929D2BE3-888D-419A-8C0B-0E25AA2E95EA}.Release|Any CPU.Build.0 = Release|Any CPU
		{37FFD6AE-3DC7-469A-A12C-6C9C5D7B5547}.Debug|Any CPU.ActiveCfg = Debug|Any CPU
		{37FFD6AE-3DC7-469A-A12C-6C9C5D7B5547}.Debug|Any CPU.Build.0 = Debug|Any CPU
		{37FFD6AE-3DC7-469A-A12C-6C9C5D7B5547}.Release|Any CPU.ActiveCfg = Release|Any CPU
		{37FFD6AE-3DC7-469A-A12C-6C9C5D7B5547}.Release|Any CPU.Build.0 = Release|Any CPU
		{DD340976-025A-4DA7-BD48-FB8F67F7D413}.Debug|Any CPU.ActiveCfg = Debug|Any CPU
		{DD340976-025A-4DA7-BD48-FB8F67F7D413}.Debug|Any CPU.Build.0 = Debug|Any CPU
		{DD340976-025A-4DA7-BD48-FB8F67F7D413}.Release|Any CPU.ActiveCfg = Release|Any CPU
		{DD340976-025A-4DA7-BD48-FB8F67F7D413}.Release|Any CPU.Build.0 = Release|Any CPU
	EndGlobalSection
	GlobalSection(NestedProjects) = preSolution
		{C971AEC1-9F3C-4CAA-9846-048772EC72AE} = {0E52F931-E5F6-4692-9D92-EBD8BD90C4BA}
		{78923E9E-39A0-44EB-B991-3BDEB5BF444B} = {0E52F931-E5F6-4692-9D92-EBD8BD90C4BA}
		{929D2BE3-888D-419A-8C0B-0E25AA2E95EA} = {01D65074-66F0-40C4-84D4-A82CA664D05E}
		{37FFD6AE-3DC7-469A-A12C-6C9C5D7B5547} = {0E52F931-E5F6-4692-9D92-EBD8BD90C4BA}
		{DD340976-025A-4DA7-BD48-FB8F67F7D413} = {01D65074-66F0-40C4-84D4-A82CA664D05E}
	EndGlobalSection
EndGlobal
